
Microsoft Visual Studio Solution File, Format Version 12.00
# Visual Studio Version 17
VisualStudioVersion = 17.4.33205.214
MinimumVisualStudioVersion = 10.0.40219.1
Project("{9A19103F-16F7-4668-BE54-9A1E7A4F7556}") = "ModernCoding", "ModernCoding\ModernCoding.csproj", "{006D8948-86B1-4DD2-BF42-D681EA573AB4}"
EndProject
Project("{FAE04EC0-301F-11D3-BF4B-00C04F79EFBC}") = "TestMC", "TestMC\TestMC.csproj", "{333A764A-B43F-442A-8F59-BFB422B0D3FD}"
EndProject
Global
	GlobalSection(SolutionConfigurationPlatforms) = preSolution
		Debug|Any CPU = Debug|Any CPU
		Release|Any CPU = Release|Any CPU
	EndGlobalSection
	GlobalSection(ProjectConfigurationPlatforms) = postSolution
		{006D8948-86B1-4DD2-BF42-D681EA573AB4}.Debug|Any CPU.ActiveCfg = Debug|Any CPU
		{006D8948-86B1-4DD2-BF42-D681EA573AB4}.Debug|Any CPU.Build.0 = Debug|Any CPU
		{006D8948-86B1-4DD2-BF42-D681EA573AB4}.Release|Any CPU.ActiveCfg = Release|Any CPU
		{006D8948-86B1-4DD2-BF42-D681EA573AB4}.Release|Any CPU.Build.0 = Release|Any CPU
		{333A764A-B43F-442A-8F59-BFB422B0D3FD}.Debug|Any CPU.ActiveCfg = Debug|Any CPU
		{333A764A-B43F-442A-8F59-BFB422B0D3FD}.Debug|Any CPU.Build.0 = Debug|Any CPU
		{333A764A-B43F-442A-8F59-BFB422B0D3FD}.Release|Any CPU.ActiveCfg = Release|Any CPU
		{333A764A-B43F-442A-8F59-BFB422B0D3FD}.Release|Any CPU.Build.0 = Release|Any CPU
	EndGlobalSection
	GlobalSection(SolutionProperties) = preSolution
		HideSolutionNode = FALSE
	EndGlobalSection
	GlobalSection(ExtensibilityGlobals) = postSolution
		SolutionGuid = {58912C51-FB15-4D17-AB69-AD51238C1028}
	EndGlobalSection
EndGlobal
